Microsoft Visual Studio Solution File, Format Version 12.00
# Visual Studio Version 17
VisualStudioVersion = 17.5.2.0
MinimumVisualStudioVersion = 10.0.40219.1
Project("{FAE04EC0-301F-11D3-BF4B-00C04F79EFBC}") = "TechFlow.API", "TechFlow.API\TechFlow.API.csproj", "{3650DFB0-E47B-F1C0-2A6B-02C18AA62912}"
EndProject
Project("{FAE04EC0-301F-11D3-BF4B-00C04F79EFBC}") = "TechFlow.Application", "TechFlow.Application\TechFlow.Application.csproj", "{0345D1BA-ACE0-7A4F-84D2-1483846AAB70}"
EndProject
Project("{FAE04EC0-301F-11D3-BF4B-00C04F79EFBC}") = "TechFlow.Domain", "TechFlow.Domain\TechFlow.Domain.csproj", "{34650481-D773-52AB-4A7E-AFFD72809CA7}"
EndProject
Project("{FAE04EC0-301F-11D3-BF4B-00C04F79EFBC}") = "TechFlow.Infrastructure", "TechFlow.Infrastructure\TechFlow.Infrastructure.csproj", "{00291B59-68E1-9E33-D9A9-61A04C1039BC}"
EndProject
Project("{FAE04EC0-301F-11D3-BF4B-00C04F79EFBC}") = "TechFlow.Web", "TechFlow.Web\TechFlow.Web.csproj", "{C30E5DFE-CA2D-2679-2837-BFCC10E8DCC1}"
EndProject
Global
	GlobalSection(SolutionConfigurationPlatforms) = preSolution
		Debug|Any CPU = Debug|Any CPU
		Release|Any CPU = Release|Any CPU
	EndGlobalSection
	GlobalSection(ProjectConfigurationPlatforms) = postSolution
		{3650DFB0-E47B-F1C0-2A6B-02C18AA62912}.Debug|Any CPU.ActiveCfg = Debug|Any CPU
		{3650DFB0-E47B-F1C0-2A6B-02C18AA62912}.Debug|Any CPU.Build.0 = Debug|Any CPU
		{3650DFB0-E47B-F1C0-2A6B-02C18AA62912}.Release|Any CPU.ActiveCfg = Release|Any CPU
		{3650DFB0-E47B-F1C0-2A6B-02C18AA62912}.Release|Any CPU.Build.0 = Release|Any CPU
		{0345D1BA-ACE0-7A4F-84D2-1483846AAB70}.Debug|Any CPU.ActiveCfg = Debug|Any CPU
		{0345D1BA-ACE0-7A4F-84D2-1483846AAB70}.Debug|Any CPU.Build.0 = Debug|Any CPU
		{0345D1BA-ACE0-7A4F-84D2-1483846AAB70}.Release|Any CPU.ActiveCfg = Release|Any CPU
		{0345D1BA-ACE0-7A4F-84D2-1483846AAB70}.Release|Any CPU.Build.0 = Release|Any CPU
		{34650481-D773-52AB-4A7E-AFFD72809CA7}.Debug|Any CPU.ActiveCfg = Debug|Any CPU
		{34650481-D773-52AB-4A7E-AFFD72809CA7}.Debug|Any CPU.Build.0 = Debug|Any CPU
		{34650481-D773-52AB-4A7E-AFFD72809CA7}.Release|Any CPU.ActiveCfg = Release|Any CPU
		{34650481-D773-52AB-4A7E-AFFD72809CA7}.Release|Any CPU.Build.0 = Release|Any CPU
		{00291B59-68E1-9E33-D9A9-61A04C1039BC}.Debug|Any CPU.ActiveCfg = Debug|Any CPU
		{00291B59-68E1-9E33-D9A9-61A04C1039BC}.Debug|Any CPU.Build.0 = Debug|Any CPU
		{00291B59-68E1-9E33-D9A9-61A04C1039BC}.Release|Any CPU.ActiveCfg = Release|Any CPU
		{00291B59-68E1-9E33-D9A9-61A04C1039BC}.Release|Any CPU.Build.0 = Release|Any CPU
		{C30E5DFE-CA2D-2679-2837-BFCC10E8DCC1}.Debug|Any CPU.ActiveCfg = Debug|Any CPU
		{C30E5DFE-CA2D-2679-2837-BFCC10E8DCC1}.Debug|Any CPU.Build.0 = Debug|Any CPU
		{C30E5DFE-CA2D-2679-2837-BFCC10E8DCC1}.Release|Any CPU.ActiveCfg = Release|Any CPU
		{C30E5DFE-CA2D-2679-2837-BFCC10E8DCC1}.Release|Any CPU.Build.0 = Release|Any CPU
	EndGlobalSection
	GlobalSection(SolutionProperties) = preSolution
		HideSolutionNode = FALSE
	EndGlobalSection
	GlobalSection(ExtensibilityGlobals) = postSolution
		SolutionGuid = {E4F20F30-B642-4D90-98F7-FB9555017709}
	EndGlobalSection
EndGlobal
